
Microsoft Visual Studio Solution File, Format Version 12.00
# Visual Studio Version 17
VisualStudioVersion = 17.3.32922.545
MinimumVisualStudioVersion = 10.0.40219.1
Project("{FAE04EC0-301F-11D3-BF4B-00C04F79EFBC}") = "M320_Wasserfass", "M320_Wasserfass\M320_Wasserfass.csproj", "{BA49BAF3-2FB4-4064-A747-9338AC2AB44B}"
EndProject
Global
	GlobalSection(SolutionConfigurationPlatforms) = preSolution
		Debug|Any CPU = Debug|Any CPU
		Release|Any CPU = Release|Any CPU
	EndGlobalSection
	GlobalSection(ProjectConfigurationPlatforms) = postSolution
		{BA49BAF3-2FB4-4064-A747-9338AC2AB44B}.Debug|Any CPU.ActiveCfg = Debug|Any CPU
		{BA49BAF3-2FB4-4064-A747-9338AC2AB44B}.Debug|Any CPU.Build.0 = Debug|Any CPU
		{BA49BAF3-2FB4-4064-A747-9338AC2AB44B}.Release|Any CPU.ActiveCfg = Release|Any CPU
		{BA49BAF3-2FB4-4064-A747-9338AC2AB44B}.Release|Any CPU.Build.0 = Release|Any CPU
	EndGlobalSection
	GlobalSection(SolutionProperties) = preSolution
		HideSolutionNode = FALSE
	EndGlobalSection
	GlobalSection(ExtensibilityGlobals) = postSolution
		SolutionGuid = {8E4BFA27-3988-42AD-8917-568612D3A57B}
	EndGlobalSection
EndGlobal
